
Microsoft Visual Studio Solution File, Format Version 12.00
# Visual Studio Version 17
VisualStudioVersion = 17.5.002.0
MinimumVisualStudioVersion = 10.0.40219.1
Project("{9A19103F-16F7-4668-BE54-9A1E7A4F7556}") = "My-app", "My-app\My-app.csproj", "{A87E4544-296D-4C47-8B91-C155B37BAF85}"
EndProject
Global
	GlobalSection(SolutionConfigurationPlatforms) = preSolution
		Debug|Any CPU = Debug|Any CPU
		Release|Any CPU = Release|Any CPU
	EndGlobalSection
	GlobalSection(ProjectConfigurationPlatforms) = postSolution
		{A87E4544-296D-4C47-8B91-C155B37BAF85}.Debug|Any CPU.ActiveCfg = Debug|Any CPU
		{A87E4544-296D-4C47-8B91-C155B37BAF85}.Debug|Any CPU.Build.0 = Debug|Any CPU
		{A87E4544-296D-4C47-8B91-C155B37BAF85}.Release|Any CPU.ActiveCfg = Release|Any CPU
		{A87E4544-296D-4C47-8B91-C155B37BAF85}.Release|Any CPU.Build.0 = Release|Any CPU
	EndGlobalSection
	GlobalSection(SolutionProperties) = preSolution
		HideSolutionNode = FALSE
	EndGlobalSection
	GlobalSection(ExtensibilityGlobals) = postSolution
		SolutionGuid = {ED7860CF-50ED-4EC8-8E46-8824438246DE}
	EndGlobalSection
EndGlobal
